// !$*UTF8*$!
{
	archiveVersion = 1;
	classes = {
	};
	objectVersion = 48;
	objects = {

/* Begin PBXBuildFile section */
		5CF6A7FB63411996C0939A3D /* Pods_instagram.framework in Frameworks */ = {isa = PBXBuildFile; fileRef = A9ECEB00FE8D9D354890C9D8 /* Pods_instagram.framework */; };
		B123294020601C8000C59301 /* AppDelegate.swift in Sources */ = {isa = PBXBuildFile; fileRef = B123293F20601C8000C59301 /* AppDelegate.swift */; };
		B123294720601C8000C59301 /* Assets.xcassets in Resources */ = {isa = PBXBuildFile; fileRef = B123294620601C8000C59301 /* Assets.xcassets */; };
		B123294A20601C8000C59301 /* LaunchScreen.storyboard in Resources */ = {isa = PBXBuildFile; fileRef = B123294820601C8000C59301 /* LaunchScreen.storyboard */; };
		B123295220602B0D00C59301 /* Start.storyboard in Resources */ = {isa = PBXBuildFile; fileRef = B123295120602B0D00C59301 /* Start.storyboard */; };
		B123295420602B3400C59301 /* SignInViewController.swift in Sources */ = {isa = PBXBuildFile; fileRef = B123295320602B3400C59301 /* SignInViewController.swift */; };
		B123295620602F4300C59301 /* SignUpViewController.swift in Sources */ = {isa = PBXBuildFile; fileRef = B123295520602F4300C59301 /* SignUpViewController.swift */; };
		B123295820606C0E00C59301 /* HomeViewController.swift in Sources */ = {isa = PBXBuildFile; fileRef = B123295720606C0E00C59301 /* HomeViewController.swift */; };
		B123295A20606C2000C59301 /* DiscoverViewController.swift in Sources */ = {isa = PBXBuildFile; fileRef = B123295920606C2000C59301 /* DiscoverViewController.swift */; };
		B123295C20606C3A00C59301 /* CameraViewController.swift in Sources */ = {isa = PBXBuildFile; fileRef = B123295B20606C3A00C59301 /* CameraViewController.swift */; };
		B123295E20606C4A00C59301 /* ActivityViewController.swift in Sources */ = {isa = PBXBuildFile; fileRef = B123295D20606C4A00C59301 /* ActivityViewController.swift */; };
		B123296020606C5300C59301 /* ProfileViewController.swift in Sources */ = {isa = PBXBuildFile; fileRef = B123295F20606C5300C59301 /* ProfileViewController.swift */; };
		B1232962206073E900C59301 /* Main.storyboard in Resources */ = {isa = PBXBuildFile; fileRef = B1232961206073E900C59301 /* Main.storyboard */; };
		B1BAD4D020607959005C1D20 /* Home.storyboard in Resources */ = {isa = PBXBuildFile; fileRef = B1BAD4CF20607959005C1D20 /* Home.storyboard */; };
		B1BAD4D2206079B7005C1D20 /* Discover.storyboard in Resources */ = {isa = PBXBuildFile; fileRef = B1BAD4D1206079B7005C1D20 /* Discover.storyboard */; };
		B1BAD4D4206079DE005C1D20 /* Camera.storyboard in Resources */ = {isa = PBXBuildFile; fileRef = B1BAD4D3206079DE005C1D20 /* Camera.storyboard */; };
		B1BAD4D620607A0E005C1D20 /* Activity.storyboard in Resources */ = {isa = PBXBuildFile; fileRef = B1BAD4D520607A0E005C1D20 /* Activity.storyboard */; };
		B1BAD4D820607A31005C1D20 /* Profile.storyboard in Resources */ = {isa = PBXBuildFile; fileRef = B1BAD4D720607A31005C1D20 /* Profile.storyboard */; };
		B1BAD4DC206099E4005C1D20 /* GoogleService-Info.plist in Resources */ = {isa = PBXBuildFile; fileRef = B1BAD4DB206099E4005C1D20 /* GoogleService-Info.plist */; };
		B1BB4B9B2069EB4A00C266D1 /* ProgressHUD.m in Sources */ = {isa = PBXBuildFile; fileRef = B1BB4B982069EB4900C266D1 /* ProgressHUD.m */; };
		B1BB4B9C2069EB4A00C266D1 /* ProgressHUD.bundle in Resources */ = {isa = PBXBuildFile; fileRef = B1BB4B9A2069EB4900C266D1 /* ProgressHUD.bundle */; };
		B1BB4B9F206A0B0400C266D1 /* Post.swift in Sources */ = {isa = PBXBuildFile; fileRef = B1BB4B9E206A0B0400C266D1 /* Post.swift */; };
		B1C4A49F2064B45F00F28DB5 /* AuthService.swift in Sources */ = {isa = PBXBuildFile; fileRef = B1C4A49E2064B45F00F28DB5 /* AuthService.swift */; };
		B1C4A4A12064C12100F28DB5 /* config.swift in Sources */ = {isa = PBXBuildFile; fileRef = B1C4A4A02064C12100F28DB5 /* config.swift */; };
/* End PBXBuildFile section */

/* Begin PBXFileReference section */
		3711B03CD4359094A0C5A20B /* Pods-instagram.release.xcconfig */ = {isa = PBXFileReference; includeInIndex = 1; lastKnownFileType = text.xcconfig; name = "Pods-instagram.release.xcconfig"; path = "Pods/Target Support Files/Pods-instagram/Pods-instagram.release.xcconfig"; sourceTree = "<group>"; };
		A9ECEB00FE8D9D354890C9D8 /* Pods_instagram.framework */ = {isa = PBXFileReference; explicitFileType = wrapper.framework; includeInIndex = 0; path = Pods_instagram.framework; sourceTree = BUILT_PRODUCTS_DIR; };
		B123293C20601C8000C59301 /* instagram.app */ = {isa = PBXFileReference; explicitFileType = wrapper.application; includeInIndex = 0; path = instagram.app; sourceTree = BUILT_PRODUCTS_DIR; };
		B123293F20601C8000C59301 /* AppDelegate.swift */ = {isa = PBXFileReference; lastKnownFileType = sourcecode.swift; path = AppDelegate.swift; sourceTree = "<group>"; };
		B123294620601C8000C59301 /* Assets.xcassets */ = {isa = PBXFileReference; lastKnownFileType = folder.assetcatalog; path = Assets.xcassets; sourceTree = "<group>"; };
		B123294920601C8000C59301 /* Base */ = {isa = PBXFileReference; lastKnownFileType = file.storyboard; name = Base; path = Base.lproj/LaunchScreen.storyboard; sourceTree = "<group>"; };
		B123294B20601C8000C59301 /* Info.plist */ = {isa = PBXFileReference; lastKnownFileType = text.plist.xml; path = Info.plist; sourceTree = "<group>"; };
		B123295120602B0D00C59301 /* Start.storyboard */ = {isa = PBXFileReference; lastKnownFileType = file.storyboard; path = Start.storyboard; sourceTree = "<group>"; };
		B123295320602B3400C59301 /* SignInViewController.swift */ = {isa = PBXFileReference; lastKnownFileType = sourcecode.swift; path = SignInViewController.swift; sourceTree = "<group>"; };
		B123295520602F4300C59301 /* SignUpViewController.swift */ = {isa = PBXFileReference; lastKnownFileType = sourcecode.swift; path = SignUpViewController.swift; sourceTree = "<group>"; };
		B123295720606C0E00C59301 /* HomeViewController.swift */ = {isa = PBXFileReference; lastKnownFileType = sourcecode.swift; path = HomeViewController.swift; sourceTree = "<group>"; };
		B123295920606C2000C59301 /* DiscoverViewController.swift */ = {isa = PBXFileReference; lastKnownFileType = sourcecode.swift; path = DiscoverViewController.swift; sourceTree = "<group>"; };
		B123295B20606C3A00C59301 /* CameraViewController.swift */ = {isa = PBXFileReference; lastKnownFileType = sourcecode.swift; path = CameraViewController.swift; sourceTree = "<group>"; };
		B123295D20606C4A00C59301 /* ActivityViewController.swift */ = {isa = PBXFileReference; lastKnownFileType = sourcecode.swift; path = ActivityViewController.swift; sourceTree = "<group>"; };
		B123295F20606C5300C59301 /* ProfileViewController.swift */ = {isa = PBXFileReference; lastKnownFileType = sourcecode.swift; path = ProfileViewController.swift; sourceTree = "<group>"; };
		B1232961206073E900C59301 /* Main.storyboard */ = {isa = PBXFileReference; fileEncoding = 4; lastKnownFileType = file.storyboard; path = Main.storyboard; sourceTree = "<group>"; };
		B1BAD4CF20607959005C1D20 /* Home.storyboard */ = {isa = PBXFileReference; fileEncoding = 4; lastKnownFileType = file.storyboard; path = Home.storyboard; sourceTree = "<group>"; };
		B1BAD4D1206079B7005C1D20 /* Discover.storyboard */ = {isa = PBXFileReference; fileEncoding = 4; lastKnownFileType = file.storyboard; path = Discover.storyboard; sourceTree = "<group>"; };
		B1BAD4D3206079DE005C1D20 /* Camera.storyboard */ = {isa = PBXFileReference; fileEncoding = 4; lastKnownFileType = file.storyboard; path = Camera.storyboard; sourceTree = "<group>"; };
		B1BAD4D520607A0E005C1D20 /* Activity.storyboard */ = {isa = PBXFileReference; fileEncoding = 4; lastKnownFileType = file.storyboard; path = Activity.storyboard; sourceTree = "<group>"; };
		B1BAD4D720607A31005C1D20 /* Profile.storyboard */ = {isa = PBXFileReference; fileEncoding = 4; lastKnownFileType = file.storyboard; path = Profile.storyboard; sourceTree = "<group>"; };
		B1BAD4DB206099E4005C1D20 /* GoogleService-Info.plist */ = {isa = PBXFileReference; fileEncoding = 4; lastKnownFileType = text.plist.xml; path = "GoogleService-Info.plist"; sourceTree = "<group>"; };
		B1BB4B972069EB4800C266D1 /* instagram-Bridging-Header.h */ = {isa = PBXFileReference; lastKnownFileType = sourcecode.c.h; path = "instagram-Bridging-Header.h"; sourceTree = "<group>"; };
		B1BB4B982069EB4900C266D1 /* ProgressHUD.m */ = {isa = PBXFileReference; fileEncoding = 4; lastKnownFileType = sourcecode.c.objc; name = ProgressHUD.m; path = "../../../../Downloads/ProgressHUD-master/ProgressHUD/ProgressHUD/ProgressHUD.m"; sourceTree = "<group>"; };
		B1BB4B992069EB4900C266D1 /* ProgressHUD.h */ = {isa = PBXFileReference; fileEncoding = 4; lastKnownFileType = sourcecode.c.h; name = ProgressHUD.h; path = "../../../../Downloads/ProgressHUD-master/ProgressHUD/ProgressHUD/ProgressHUD.h"; sourceTree = "<group>"; };
		B1BB4B9A2069EB4900C266D1 /* ProgressHUD.bundle */ = {isa = PBXFileReference; lastKnownFileType = "wrapper.plug-in"; name = ProgressHUD.bundle; path = "../../../../Downloads/ProgressHUD-master/ProgressHUD/ProgressHUD/ProgressHUD.bundle"; sourceTree = "<group>"; };
		B1BB4B9E206A0B0400C266D1 /* Post.swift */ = {isa = PBXFileReference; lastKnownFileType = sourcecode.swift; path = Post.swift; sourceTree = "<group>"; };
		B1C4A49E2064B45F00F28DB5 /* AuthService.swift */ = {isa = PBXFileReference; lastKnownFileType = sourcecode.swift; path = AuthService.swift; sourceTree = "<group>"; };
		B1C4A4A02064C12100F28DB5 /* config.swift */ = {isa = PBXFileReference; lastKnownFileType = sourcecode.swift; path = config.swift; sourceTree = "<group>"; };
		B9EECE205A696548B0AE5989 /* Pods-instagram.debug.xcconfig */ = {isa = PBXFileReference; includeInIndex = 1; lastKnownFileType = text.xcconfig; name = "Pods-instagram.debug.xcconfig"; path = "Pods/Target Support Files/Pods-instagram/Pods-instagram.debug.xcconfig"; sourceTree = "<group>"; };
/* End PBXFileReference section */

/* Begin PBXFrameworksBuildPhase section */
		B123293920601C8000C59301 /* Frameworks */ = {
			isa = PBXFrameworksBuildPhase;
			buildActionMask = 2147483647;
			files = (
				5CF6A7FB63411996C0939A3D /* Pods_instagram.framework in Frameworks */,
			);
			runOnlyForDeploymentPostprocessing = 0;
		};
/* End PBXFrameworksBuildPhase section */

/* Begin PBXGroup section */
		673732DAFEAD92EECC3D9A86 /* Pods */ = {
			isa = PBXGroup;
			children = (
				B9EECE205A696548B0AE5989 /* Pods-instagram.debug.xcconfig */,
				3711B03CD4359094A0C5A20B /* Pods-instagram.release.xcconfig */,
			);
			name = Pods;
			sourceTree = "<group>";
		};
		B05E257B231795FDBC2FEA2F /* Frameworks */ = {
			isa = PBXGroup;
			children = (
				A9ECEB00FE8D9D354890C9D8 /* Pods_instagram.framework */,
			);
			name = Frameworks;
			sourceTree = "<group>";
		};
		B123293320601C8000C59301 = {
			isa = PBXGroup;
			children = (
				B123293E20601C8000C59301 /* instagram */,
				B123293D20601C8000C59301 /* Products */,
				673732DAFEAD92EECC3D9A86 /* Pods */,
				B05E257B231795FDBC2FEA2F /* Frameworks */,
			);
			sourceTree = "<group>";
		};
		B123293D20601C8000C59301 /* Products */ = {
			isa = PBXGroup;
			children = (
				B123293C20601C8000C59301 /* instagram.app */,
			);
			name = Products;
			sourceTree = "<group>";
		};
		B123293E20601C8000C59301 /* instagram */ = {
			isa = PBXGroup;
			children = (
				B123293F20601C8000C59301 /* AppDelegate.swift */,
				B1C4A49E2064B45F00F28DB5 /* AuthService.swift */,
				B1C4A4A02064C12100F28DB5 /* config.swift */,
				B1BB4B9D206A0AF500C266D1 /* Model */,
				B1BAD4D92060960B005C1D20 /* ViewControllers */,
				B1BAD4DA20609618005C1D20 /* Storyboards */,
				B123294620601C8000C59301 /* Assets.xcassets */,
				B123294820601C8000C59301 /* LaunchScreen.storyboard */,
				B1BAD4DB206099E4005C1D20 /* GoogleService-Info.plist */,
				B123294B20601C8000C59301 /* Info.plist */,
				B1BB4B9A2069EB4900C266D1 /* ProgressHUD.bundle */,
				B1BB4B992069EB4900C266D1 /* ProgressHUD.h */,
				B1BB4B982069EB4900C266D1 /* ProgressHUD.m */,
				B1BB4B972069EB4800C266D1 /* instagram-Bridging-Header.h */,
			);
			path = instagram;
			sourceTree = "<group>";
		};
		B1BAD4D92060960B005C1D20 /* ViewControllers */ = {
			isa = PBXGroup;
			children = (
				B123295320602B3400C59301 /* SignInViewController.swift */,
				B123295520602F4300C59301 /* SignUpViewController.swift */,
				B123295720606C0E00C59301 /* HomeViewController.swift */,
				B123295920606C2000C59301 /* DiscoverViewController.swift */,
				B123295B20606C3A00C59301 /* CameraViewController.swift */,
				B123295F20606C5300C59301 /* ProfileViewController.swift */,
				B123295D20606C4A00C59301 /* ActivityViewController.swift */,
			);
			path = ViewControllers;
			sourceTree = "<group>";
		};
		B1BAD4DA20609618005C1D20 /* Storyboards */ = {
			isa = PBXGroup;
			children = (
				B123295120602B0D00C59301 /* Start.storyboard */,
				B1232961206073E900C59301 /* Main.storyboard */,
				B1BAD4D720607A31005C1D20 /* Profile.storyboard */,
				B1BAD4D520607A0E005C1D20 /* Activity.storyboard */,
				B1BAD4D3206079DE005C1D20 /* Camera.storyboard */,
				B1BAD4D1206079B7005C1D20 /* Discover.storyboard */,
				B1BAD4CF20607959005C1D20 /* Home.storyboard */,
			);
			path = Storyboards;
			sourceTree = "<group>";
		};
		B1BB4B9D206A0AF500C266D1 /* Model */ = {
			isa = PBXGroup;
			children = (
				B1BB4B9E206A0B0400C266D1 /* Post.swift */,
			);
			path = Model;
			sourceTree = "<group>";
		};
/* End PBXGroup section */

/* Begin PBXNativeTarget section */
		B123293B20601C8000C59301 /* instagram */ = {
			isa = PBXNativeTarget;
			buildConfigurationList = B123294E20601C8000C59301 /* Build configuration list for PBXNativeTarget "instagram" */;
			buildPhases = (
				1237260C9E75E9924CFFAAEC /* [CP] Check Pods Manifest.lock */,
				B123293820601C8000C59301 /* Sources */,
				B123293920601C8000C59301 /* Frameworks */,
				B123293A20601C8000C59301 /* Resources */,
				7637DC92BA69E46F21D08542 /* [CP] Embed Pods Frameworks */,
				77A943C94C9581286B1996D6 /* [CP] Copy Pods Resources */,
			);
			buildRules = (
			);
			dependencies = (
			);
			name = instagram;
			productName = instagram;
			productReference = B123293C20601C8000C59301 /* instagram.app */;
			productType = "com.apple.product-type.application";
		};
/* End PBXNativeTarget section */

/* Begin PBXProject section */
		B123293420601C8000C59301 /* Project object */ = {
			isa = PBXProject;
			attributes = {
				LastSwiftUpdateCheck = 0920;
				LastUpgradeCheck = 0920;
				ORGANIZATIONNAME = "Ayman Eldeeb";
				TargetAttributes = {
					B123293B20601C8000C59301 = {
						CreatedOnToolsVersion = 9.2;
						LastSwiftMigration = 0920;
						ProvisioningStyle = Automatic;
					};
				};
			};
			buildConfigurationList = B123293720601C8000C59301 /* Build configuration list for PBXProject "instagram" */;
			compatibilityVersion = "Xcode 8.0";
			developmentRegion = en;
			hasScannedForEncodings = 0;
			knownRegions = (
				en,
				Base,
			);
			mainGroup = B123293320601C8000C59301;
			productRefGroup = B123293D20601C8000C59301 /* Products */;
			projectDirPath = "";
			projectRoot = "";
			targets = (
				B123293B20601C8000C59301 /* instagram */,
			);
		};
/* End PBXProject section */

/* Begin PBXResourcesBuildPhase section */
		B123293A20601C8000C59301 /* Resources */ = {
			isa = PBXResourcesBuildPhase;
			buildActionMask = 2147483647;
			files = (
				B1BB4B9C2069EB4A00C266D1 /* ProgressHUD.bundle in Resources */,
				B123294A20601C8000C59301 /* LaunchScreen.storyboard in Resources */,
				B1BAD4D4206079DE005C1D20 /* Camera.storyboard in Resources */,
				B1BAD4D020607959005C1D20 /* Home.storyboard in Resources */,
				B123294720601C8000C59301 /* Assets.xcassets in Resources */,
				B123295220602B0D00C59301 /* Start.storyboard in Resources */,
				B1232962206073E900C59301 /* Main.storyboard in Resources */,
				B1BAD4D820607A31005C1D20 /* Profile.storyboard in Resources */,
				B1BAD4DC206099E4005C1D20 /* GoogleService-Info.plist in Resources */,
				B1BAD4D2206079B7005C1D20 /* Discover.storyboard in Resources */,
				B1BAD4D620607A0E005C1D20 /* Activity.storyboard in Resources */,
			);
			runOnlyForDeploymentPostprocessing = 0;
		};
/* End PBXResourcesBuildPhase section */

/* Begin PBXShellScriptBuildPhase section */
		1237260C9E75E9924CFFAAEC /* [CP] Check Pods Manifest.lock */ = {
			isa = PBXShellScriptBuildPhase;
			buildActionMask = 2147483647;
			files = (
			);
			inputPaths = (
				"${PODS_PODFILE_DIR_PATH}/Podfile.lock",
				"${PODS_ROOT}/Manifest.lock",
			);
			name = "[CP] Check Pods Manifest.lock";
			outputPaths = (
				"$(DERIVED_FILE_DIR)/Pods-instagram-checkManifestLockResult.txt",
			);
			runOnlyForDeploymentPostprocessing = 0;
			shellPath = /bin/sh;
			shellScript = "diff \"${PODS_PODFILE_DIR_PATH}/Podfile.lock\" \"${PODS_ROOT}/Manifest.lock\" > /dev/null\nif [ $? != 0 ] ; then\n    # print error to STDERR\n    echo \"error: The sandbox is not in sync with the Podfile.lock. Run 'pod install' or update your CocoaPods installation.\" >&2\n    exit 1\nfi\n# This output is used by Xcode 'outputs' to avoid re-running this script phase.\necho \"SUCCESS\" > \"${SCRIPT_OUTPUT_FILE_0}\"\n";
			showEnvVarsInLog = 0;
		};
		7637DC92BA69E46F21D08542 /* [CP] Embed Pods Frameworks */ = {
			isa = PBXShellScriptBuildPhase;
			buildActionMask = 2147483647;
			files = (
			);
			inputPaths = (
				"${SRCROOT}/Pods/Target Support Files/Pods-instagram/Pods-instagram-frameworks.sh",
				"${BUILT_PRODUCTS_DIR}/GTMSessionFetcher/GTMSessionFetcher.framework",
				"${BUILT_PRODUCTS_DIR}/GoogleToolboxForMac/GoogleToolboxForMac.framework",
				"${BUILT_PRODUCTS_DIR}/ImagePicker/ImagePicker.framework",
				"${BUILT_PRODUCTS_DIR}/leveldb-library/leveldb.framework",
				"${BUILT_PRODUCTS_DIR}/nanopb/nanopb.framework",
			);
			name = "[CP] Embed Pods Frameworks";
			outputPaths = (
				"${TARGET_BUILD_DIR}/${FRAMEWORKS_FOLDER_PATH}/GTMSessionFetcher.framework",
				"${TARGET_BUILD_DIR}/${FRAMEWORKS_FOLDER_PATH}/GoogleToolboxForMac.framework",
				"${TARGET_BUILD_DIR}/${FRAMEWORKS_FOLDER_PATH}/ImagePicker.framework",
				"${TARGET_BUILD_DIR}/${FRAMEWORKS_FOLDER_PATH}/leveldb.framework",
				"${TARGET_BUILD_DIR}/${FRAMEWORKS_FOLDER_PATH}/nanopb.framework",
			);
			runOnlyForDeploymentPostprocessing = 0;
			shellPath = /bin/sh;
			shellScript = "\"${SRCROOT}/Pods/Target Support Files/Pods-instagram/Pods-instagram-frameworks.sh\"\n";
			showEnvVarsInLog = 0;
		};
		77A943C94C9581286B1996D6 /* [CP] Copy Pods Resources */ = {
			isa = PBXShellScriptBuildPhase;
			buildActionMask = 2147483647;
			files = (
			);
			inputPaths = (
				"${SRCROOT}/Pods/Target Support Files/Pods-instagram/Pods-instagram-resources.sh",
				"${PODS_CONFIGURATION_BUILD_DIR}/FirebaseUI/FirebaseAuthUI.bundle",
			);
			name = "[CP] Copy Pods Resources";
			outputPaths = (
				"${TARGET_BUILD_DIR}/${UNLOCALIZED_RESOURCES_FOLDER_PATH}/FirebaseAuthUI.bundle",
			);
			runOnlyForDeploymentPostprocessing = 0;
			shellPath = /bin/sh;
			shellScript = "\"${SRCROOT}/Pods/Target Support Files/Pods-instagram/Pods-instagram-resources.sh\"\n";
			showEnvVarsInLog = 0;
		};
/* End PBXShellScriptBuildPhase section */

/* Begin PBXSourcesBuildPhase section */
		B123293820601C8000C59301 /* Sources */ = {
			isa = PBXSourcesBuildPhase;
			buildActionMask = 2147483647;
			files = (
				B123295620602F4300C59301 /* SignUpViewController.swift in Sources */,
				B123295420602B3400C59301 /* SignInViewController.swift in Sources */,
				B123294020601C8000C59301 /* AppDelegate.swift in Sources */,
				B1BB4B9F206A0B0400C266D1 /* Post.swift in Sources */,
				B1C4A4A12064C12100F28DB5 /* config.swift in Sources */,
				B1C4A49F2064B45F00F28DB5 /* AuthService.swift in Sources */,
				B123295820606C0E00C59301 /* HomeViewController.swift in Sources */,
				B1BB4B9B2069EB4A00C266D1 /* ProgressHUD.m in Sources */,
				B123295E20606C4A00C59301 /* ActivityViewController.swift in Sources */,
				B123295A20606C2000C59301 /* DiscoverViewController.swift in Sources */,
				B123296020606C5300C59301 /* ProfileViewController.swift in Sources */,
				B123295C20606C3A00C59301 /* CameraViewController.swift in Sources */,
			);
			runOnlyForDeploymentPostprocessing = 0;
		};
/* End PBXSourcesBuildPhase section */

/* Begin PBXVariantGroup section */
		B123294820601C8000C59301 /* LaunchScreen.storyboard */ = {
			isa = PBXVariantGroup;
			children = (
				B123294920601C8000C59301 /* Base */,
			);
			name = LaunchScreen.storyboard;
			sourceTree = "<group>";
		};
/* End PBXVariantGroup section */

/* Begin XCBuildConfiguration section */
		B123294C20601C8000C59301 /* Debug */ = {
			isa = XCBuildConfiguration;
			buildSettings = {
				ALWAYS_SEARCH_USER_PATHS = NO;
				CLANG_ANALYZER_NONNULL = YES;
				CLANG_ANALYZER_NUMBER_OBJECT_CONVERSION = YES_AGGRESSIVE;
				CLANG_CXX_LANGUAGE_STANDARD = "gnu++14";
				CLANG_CXX_LIBRARY = "libc++";
				CLANG_ENABLE_MODULES = YES;
				CLANG_ENABLE_OBJC_ARC = YES;
				CLANG_WARN_BLOCK_CAPTURE_AUTORELEASING = YES;
				CLANG_WARN_BOOL_CONVERSION = YES;
				CLANG_WARN_COMMA = YES;
				CLANG_WARN_CONSTANT_CONVERSION = YES;
				CLANG_WARN_DIRECT_OBJC_ISA_USAGE = YES_ERROR;
				CLANG_WARN_DOCUMENTATION_COMMENTS = YES;
				CLANG_WARN_EMPTY_BODY = YES;
				CLANG_WARN_ENUM_CONVERSION = YES;
				CLANG_WARN_INFINITE_RECURSION = YES;
				CLANG_WARN_INT_CONVERSION = YES;
				CLANG_WARN_NON_LITERAL_NULL_CONVERSION = YES;
				CLANG_WARN_OBJC_LITERAL_CONVERSION = YES;
				CLANG_WARN_OBJC_ROOT_CLASS = YES_ERROR;
				CLANG_WARN_RANGE_LOOP_ANALYSIS = YES;
				CLANG_WARN_STRICT_PROTOTYPES = YES;
				CLANG_WARN_SUSPICIOUS_MOVE = YES;
				CLANG_WARN_UNGUARDED_AVAILABILITY = YES_AGGRESSIVE;
				CLANG_WARN_UNREACHABLE_CODE = YES;
				CLANG_WARN__DUPLICATE_METHOD_MATCH = YES;
				CODE_SIGN_IDENTITY = "iPhone Developer";
				COPY_PHASE_STRIP = NO;
				DEBUG_INFORMATION_FORMAT = dwarf;
				ENABLE_STRICT_OBJC_MSGSEND = YES;
				ENABLE_TESTABILITY = YES;
				GCC_C_LANGUAGE_STANDARD = gnu11;
				GCC_DYNAMIC_NO_PIC = NO;
				GCC_NO_COMMON_BLOCKS = YES;
				GCC_OPTIMIZATION_LEVEL = 0;
				GCC_PREPROCESSOR_DEFINITIONS = (
					"DEBUG=1",
					"$(inherited)",
				);
				GCC_WARN_64_TO_32_BIT_CONVERSION = YES;
				GCC_WARN_ABOUT_RETURN_TYPE = YES_ERROR;
				GCC_WARN_UNDECLARED_SELECTOR = YES;
				GCC_WARN_UNINITIALIZED_AUTOS = YES_AGGRESSIVE;
				GCC_WARN_UNUSED_FUNCTION = YES;
				GCC_WARN_UNUSED_VARIABLE = YES;
				IPHONEOS_DEPLOYMENT_TARGET = 11.2;
				MTL_ENABLE_DEBUG_INFO = YES;
				ONLY_ACTIVE_ARCH = YES;
				SDKROOT = iphoneos;
				SWIFT_ACTIVE_COMPILATION_CONDITIONS = DEBUG;
				SWIFT_OPTIMIZATION_LEVEL = "-Onone";
			};
			name = Debug;
		};
		B123294D20601C8000C59301 /* Release */ = {
			isa = XCBuildConfiguration;
			buildSettings = {
				ALWAYS_SEARCH_USER_PATHS = NO;
				CLANG_ANALYZER_NONNULL = YES;
				CLANG_ANALYZER_NUMBER_OBJECT_CONVERSION = YES_AGGRESSIVE;
				CLANG_CXX_LANGUAGE_STANDARD = "gnu++14";
				CLANG_CXX_LIBRARY = "libc++";
				CLANG_ENABLE_MODULES = YES;
				CLANG_ENABLE_OBJC_ARC = YES;
				CLANG_WARN_BLOCK_CAPTURE_AUTORELEASING = YES;
				CLANG_WARN_BOOL_CONVERSION = YES;
				CLANG_WARN_COMMA = YES;
				CLANG_WARN_CONSTANT_CONVERSION = YES;
				CLANG_WARN_DIRECT_OBJC_ISA_USAGE = YES_ERROR;
				CLANG_WARN_DOCUMENTATION_COMMENTS = YES;
				CLANG_WARN_EMPTY_BODY = YES;
				CLANG_WARN_ENUM_CONVERSION = YES;
				CLANG_WARN_INFINITE_RECURSION = YES;
				CLANG_WARN_INT_CONVERSION = YES;
				CLANG_WARN_NON_LITERAL_NULL_CONVERSION = YES;
				CLANG_WARN_OBJC_LITERAL_CONVERSION = YES;
				CLANG_WARN_OBJC_ROOT_CLASS = YES_ERROR;
				CLANG_WARN_RANGE_LOOP_ANALYSIS = YES;
				CLANG_WARN_STRICT_PROTOTYPES = YES;
				CLANG_WARN_SUSPICIOUS_MOVE = YES;
				CLANG_WARN_UNGUARDED_AVAILABILITY = YES_AGGRESSIVE;
				CLANG_WARN_UNREACHABLE_CODE = YES;
				CLANG_WARN__DUPLICATE_METHOD_MATCH = YES;
				CODE_SIGN_IDENTITY = "iPhone Developer";
				COPY_PHASE_STRIP = NO;
				DEBUG_INFORMATION_FORMAT = "dwarf-with-dsym";
				ENABLE_NS_ASSERTIONS = NO;
				ENABLE_STRICT_OBJC_MSGSEND = YES;
				GCC_C_LANGUAGE_STANDARD = gnu11;
				GCC_NO_COMMON_BLOCKS = YES;
				GCC_WARN_64_TO_32_BIT_CONVERSION = YES;
				GCC_WARN_ABOUT_RETURN_TYPE = YES_ERROR;
				GCC_WARN_UNDECLARED_SELECTOR = YES;
				GCC_WARN_UNINITIALIZED_AUTOS = YES_AGGRESSIVE;
				GCC_WARN_UNUSED_FUNCTION = YES;
				GCC_WARN_UNUSED_VARIABLE = YES;
				IPHONEOS_DEPLOYMENT_TARGET = 11.2;
				MTL_ENABLE_DEBUG_INFO = NO;
				SDKROOT = iphoneos;
				SWIFT_OPTIMIZATION_LEVEL = "-Owholemodule";
				VALIDATE_PRODUCT = YES;
			};
			name = Release;
		};
		B123294F20601C8000C59301 /* Debug */ = {
			isa = XCBuildConfiguration;
			baseConfigurationReference = B9EECE205A696548B0AE5989 /* Pods-instagram.debug.xcconfig */;
			buildSettings = {
				ASSETCATALOG_COMPILER_APPICON_NAME = AppIcon;
				CLANG_ENABLE_MODULES = YES;
				CODE_SIGN_STYLE = Automatic;
				INFOPLIST_FILE = instagram/Info.plist;
				LD_RUNPATH_SEARCH_PATHS = "$(inherited) @executable_path/Frameworks";
				PRODUCT_BUNDLE_IDENTIFIER = deeb.instagram;
				PRODUCT_NAME = "$(TARGET_NAME)";
				SWIFT_OBJC_BRIDGING_HEADER = "instagram/instagram-Bridging-Header.h";
				SWIFT_OPTIMIZATION_LEVEL = "-Onone";
				SWIFT_VERSION = 4.0;
				TARGETED_DEVICE_FAMILY = "1,2";
			};
			name = Debug;
		};
		B123295020601C8000C59301 /* Release */ = {
			isa = XCBuildConfiguration;
			baseConfigurationReference = 3711B03CD4359094A0C5A20B /* Pods-instagram.release.xcconfig */;
			buildSettings = {
				ASSETCATALOG_COMPILER_APPICON_NAME = AppIcon;
				CLANG_ENABLE_MODULES = YES;
				CODE_SIGN_STYLE = Automatic;
				INFOPLIST_FILE = instagram/Info.plist;
				LD_RUNPATH_SEARCH_PATHS = "$(inherited) @executable_path/Frameworks";
				PRODUCT_BUNDLE_IDENTIFIER = deeb.instagram;
				PRODUCT_NAME = "$(TARGET_NAME)";
				SWIFT_OBJC_BRIDGING_HEADER = "instagram/instagram-Bridging-Header.h";
				SWIFT_VERSION = 4.0;
				TARGETED_DEVICE_FAMILY = "1,2";
			};
			name = Release;
		};
/* End XCBuildConfiguration section */

/* Begin XCConfigurationList section */
		B123293720601C8000C59301 /* Build configuration list for PBXProject "instagram" */ = {
			isa = XCConfigurationList;
			buildConfigurations = (
				B123294C20601C8000C59301 /* Debug */,
				B123294D20601C8000C59301 /* Release */,
			);
			defaultConfigurationIsVisible = 0;
			defaultConfigurationName = Release;
		};
		B123294E20601C8000C59301 /* Build configuration list for PBXNativeTarget "instagram" */ = {
			isa = XCConfigurationList;
			buildConfigurations = (
				B123294F20601C8000C59301 /* Debug */,
				B123295020601C8000C59301 /* Release */,
			);
			defaultConfigurationIsVisible = 0;
			defaultConfigurationName = Release;
		};
/* End XCConfigurationList section */
	};
	rootObject = B123293420601C8000C59301 /* Project object */;
}
